
Microsoft Visual Studio Solution File, Format Version 12.00
# Visual Studio Version 16
VisualStudioVersion = 16.0.30626.31
MinimumVisualStudioVersion = 10.0.40219.1
Project("{FAE04EC0-301F-11D3-BF4B-00C04F79EFBC}") = "RecordType", "RecordType\RecordType.csproj", "{2125D7AF-79FD-4A69-B23A-503E87D990D7}"
EndProject
Global
	GlobalSection(SolutionConfigurationPlatforms) = preSolution
		Debug|Any CPU = Debug|Any CPU
		Release|Any CPU = Release|Any CPU
	EndGlobalSection
	GlobalSection(ProjectConfigurationPlatforms) = postSolution
		{2125D7AF-79FD-4A69-B23A-503E87D990D7}.Debug|Any CPU.ActiveCfg = Debug|Any CPU
		{2125D7AF-79FD-4A69-B23A-503E87D990D7}.Debug|Any CPU.Build.0 = Debug|Any CPU
		{2125D7AF-79FD-4A69-B23A-503E87D990D7}.Release|Any CPU.ActiveCfg = Release|Any CPU
		{2125D7AF-79FD-4A69-B23A-503E87D990D7}.Release|Any CPU.Build.0 = Release|Any CPU
	EndGlobalSection
	GlobalSection(SolutionProperties) = preSolution
		HideSolutionNode = FALSE
	EndGlobalSection
	GlobalSection(ExtensibilityGlobals) = postSolution
		SolutionGuid = {4CB238D9-2479-4A39-8479-50885996FEC0}
	EndGlobalSection
EndGlobal
